// !$*UTF8*$!
{
	archiveVersion = 1;
	classes = {
	};
	objectVersion = 46;
	objects = {

/* Begin PBXBuildFile section */
		3C5A441D1943F7B100076F5C /* main.m in Sources */ = {isa = PBXBuildFile; fileRef = 3C5A441C1943F7B100076F5C /* main.m */; };
		3C5A44201943F7B100076F5C /* AppDelegate.m in Sources */ = {isa = PBXBuildFile; fileRef = 3C5A441F1943F7B100076F5C /* AppDelegate.m */; };
		3C5A44221943F7B100076F5C /* Images.xcassets in Resources */ = {isa = PBXBuildFile; fileRef = 3C5A44211943F7B100076F5C /* Images.xcassets */; };
		3C5A442E1943F7B100076F5C /* ARTwoTests.m in Sources */ = {isa = PBXBuildFile; fileRef = 3C5A442D1943F7B100076F5C /* ARTwoTests.m */; };
/* End PBXBuildFile section */

/* Begin PBXContainerItemProxy section */
		3C5A44281943F7B100076F5C /* PBXContainerItemProxy */ = {
			isa = PBXContainerItemProxy;
			containerPortal = 3C5A440F1943F7B100076F5C /* Project object */;
			proxyType = 1;
			remoteGlobalIDString = 3C5A44161943F7B100076F5C;
			remoteInfo = ARTwo;
		};
/* End PBXContainerItemProxy section */

/* Begin PBXFileReference section */
		3C5A44171943F7B100076F5C /* ARTwo.app */ = {isa = PBXFileReference; explicitFileType = wrapper.application; includeInIndex = 0; path = ARTwo.app; sourceTree = BUILT_PRODUCTS_DIR; };
		3C5A441B1943F7B100076F5C /* Info.plist */ = {isa = PBXFileReference; lastKnownFileType = text.plist.xml; path = Info.plist; sourceTree = "<group>"; };
		3C5A441C1943F7B100076F5C /* main.m */ = {isa = PBXFileReference; lastKnownFileType = sourcecode.c.objc; path = main.m; sourceTree = "<group>"; };
		3C5A441E1943F7B100076F5C /* AppDelegate.h */ = {isa = PBXFileReference; lastKnownFileType = sourcecode.c.h; path = AppDelegate.h; sourceTree = "<group>"; };
		3C5A441F1943F7B100076F5C /* AppDelegate.m */ = {isa = PBXFileReference; lastKnownFileType = sourcecode.c.objc; path = AppDelegate.m; sourceTree = "<group>"; };
		3C5A44211943F7B100076F5C /* Images.xcassets */ = {isa = PBXFileReference; lastKnownFileType = folder.assetcatalog; path = Images.xcassets; sourceTree = "<group>"; };
		3C5A44271943F7B100076F5C /* ARTwoTests.xctest */ = {isa = PBXFileReference; explicitFileType = wrapper.cfbundle; includeInIndex = 0; path = ARTwoTests.xctest; sourceTree = BUILT_PRODUCTS_DIR; };
		3C5A442C1943F7B100076F5C /* Info.plist */ = {isa = PBXFileReference; lastKnownFileType = text.plist.xml; path = Info.plist; sourceTree = "<group>"; };
		3C5A442D1943F7B100076F5C /* ARTwoTests.m */ = {isa = PBXFileReference; lastKnownFileType = sourcecode.c.objc; path = ARTwoTests.m; sourceTree = "<group>"; };
/* End PBXFileReference section */

/* Begin PBXFrameworksBuildPhase section */
		3C5A44141943F7B100076F5C /* Frameworks */ = {
			isa = PBXFrameworksBuildPhase;
			buildActionMask = 2147483647;
			files = (
			);
			runOnlyForDeploymentPostprocessing = 0;
		};
		3C5A44241943F7B100076F5C /* Frameworks */ = {
			isa = PBXFrameworksBuildPhase;
			buildActionMask = 2147483647;
			files = (
			);
			runOnlyForDeploymentPostprocessing = 0;
		};
/* End PBXFrameworksBuildPhase section */

/* Begin PBXGroup section */
		3C5A440E1943F7B100076F5C = {
			isa = PBXGroup;
			children = (
				3C5A44191943F7B100076F5C /* ARTwo */,
				3C5A442A1943F7B100076F5C /* ARTwoTests */,
				3C5A44181943F7B100076F5C /* Products */,
			);
			sourceTree = "<group>";
		};
		3C5A44181943F7B100076F5C /* Products */ = {
			isa = PBXGroup;
			children = (
				3C5A44171943F7B100076F5C /* ARTwo.app */,
				3C5A44271943F7B100076F5C /* ARTwoTests.xctest */,
			);
			name = Products;
			sourceTree = "<group>";
		};
		3C5A44191943F7B100076F5C /* ARTwo */ = {
			isa = PBXGroup;
			children = (
				3C5A441E1943F7B100076F5C /* AppDelegate.h */,
				3C5A441F1943F7B100076F5C /* AppDelegate.m */,
				3C5A44211943F7B100076F5C /* Images.xcassets */,
				3C5A441A1943F7B100076F5C /* Supporting Files */,
			);
			path = ARTwo;
			sourceTree = "<group>";
		};
		3C5A441A1943F7B100076F5C /* Supporting Files */ = {
			isa = PBXGroup;
			children = (
				3C5A441B1943F7B100076F5C /* Info.plist */,
				3C5A441C1943F7B100076F5C /* main.m */,
			);
			name = "Supporting Files";
			sourceTree = "<group>";
		};
		3C5A442A1943F7B100076F5C /* ARTwoTests */ = {
			isa = PBXGroup;
			children = (
				3C5A442D1943F7B100076F5C /* ARTwoTests.m */,
				3C5A442B1943F7B100076F5C /* Supporting Files */,
			);
			path = ARTwoTests;
			sourceTree = "<group>";
		};
		3C5A442B1943F7B100076F5C /* Supporting Files */ = {
			isa = PBXGroup;
			children = (
				3C5A442C1943F7B100076F5C /* Info.plist */,
			);
			name = "Supporting Files";
			sourceTree = "<group>";
		};
/* End PBXGroup section */

/* Begin PBXNativeTarget section */
		3C5A44161943F7B100076F5C /* ARTwo */ = {
			isa = PBXNativeTarget;
			buildConfigurationList = 3C5A44311943F7B100076F5C /* Build configuration list for PBXNativeTarget "ARTwo" */;
			buildPhases = (
				3C5A44131943F7B100076F5C /* Sources */,
				3C5A44141943F7B100076F5C /* Frameworks */,
				3C5A44151943F7B100076F5C /* Resources */,
			);
			buildRules = (
			);
			dependencies = (
			);
			name = ARTwo;
			productName = ARTwo;
			productReference = 3C5A44171943F7B100076F5C /* ARTwo.app */;
			productType = "com.apple.product-type.application";
		};
		3C5A44261943F7B100076F5C /* ARTwoTests */ = {
			isa = PBXNativeTarget;
			buildConfigurationList = 3C5A44341943F7B100076F5C /* Build configuration list for PBXNativeTarget "ARTwoTests" */;
			buildPhases = (
				3C5A44231943F7B100076F5C /* Sources */,
				3C5A44241943F7B100076F5C /* Frameworks */,
				3C5A44251943F7B100076F5C /* Resources */,
			);
			buildRules = (
			);
			dependencies = (
				3C5A44291943F7B100076F5C /* PBXTargetDependency */,
			);
			name = ARTwoTests;
			productName = ARTwoTests;
			productReference = 3C5A44271943F7B100076F5C /* ARTwoTests.xctest */;
			productType = "com.apple.product-type.bundle.unit-test";
		};
/* End PBXNativeTarget section */

/* Begin PBXProject section */
		3C5A440F1943F7B100076F5C /* Project object */ = {
			isa = PBXProject;
			attributes = {
				LastUpgradeCheck = 0600;
				ORGANIZATIONNAME = "Chenchen Zheng";
				TargetAttributes = {
					3C5A44161943F7B100076F5C = {
						CreatedOnToolsVersion = 6.0;
					};
					3C5A44261943F7B100076F5C = {
						CreatedOnToolsVersion = 6.0;
						TestTargetID = 3C5A44161943F7B100076F5C;
					};
				};
			};
			buildConfigurationList = 3C5A44121943F7B100076F5C /* Build configuration list for PBXProject "ARTwo" */;
			compatibilityVersion = "Xcode 3.2";
			developmentRegion = English;
			hasScannedForEncodings = 0;
			knownRegions = (
				en,
			);
			mainGroup = 3C5A440E1943F7B100076F5C;
			productRefGroup = 3C5A44181943F7B100076F5C /* Products */;
			projectDirPath = "";
			projectRoot = "";
			targets = (
				3C5A44161943F7B100076F5C /* ARTwo */,
				3C5A44261943F7B100076F5C /* ARTwoTests */,
			);
		};
/* End PBXProject section */

/* Begin PBXResourcesBuildPhase section */
		3C5A44151943F7B100076F5C /* Resources */ = {
			isa = PBXResourcesBuildPhase;
			buildActionMask = 2147483647;
			files = (
				3C5A44221943F7B100076F5C /* Images.xcassets in Resources */,
			);
			runOnlyForDeploymentPostprocessing = 0;
		};
		3C5A44251943F7B100076F5C /* Resources */ = {
			isa = PBXResourcesBuildPhase;
			buildActionMask = 2147483647;
			files = (
			);
			runOnlyForDeploymentPostprocessing = 0;
		};
/* End PBXResourcesBuildPhase section */

/* Begin PBXSourcesBuildPhase section */
		3C5A44131943F7B100076F5C /* Sources */ = {
			isa = PBXSourcesBuildPhase;
			buildActionMask = 2147483647;
			files = (
				3C5A44201943F7B100076F5C /* AppDelegate.m in Sources */,
				3C5A441D1943F7B100076F5C /* main.m in Sources */,
			);
			runOnlyForDeploymentPostprocessing = 0;
		};
		3C5A44231943F7B100076F5C /* Sources */ = {
			isa = PBXSourcesBuildPhase;
			buildActionMask = 2147483647;
			files = (
				3C5A442E1943F7B100076F5C /* ARTwoTests.m in Sources */,
			);
			runOnlyForDeploymentPostprocessing = 0;
		};
/* End PBXSourcesBuildPhase section */

/* Begin PBXTargetDependency section */
		3C5A44291943F7B100076F5C /* PBXTargetDependency */ = {
			isa = PBXTargetDependency;
			target = 3C5A44161943F7B100076F5C /* ARTwo */;
			targetProxy = 3C5A44281943F7B100076F5C /* PBXContainerItemProxy */;
		};
/* End PBXTargetDependency section */

/* Begin XCBuildConfiguration section */
		3C5A442F1943F7B100076F5C /* Debug */ = {
			isa = XCBuildConfiguration;
			buildSettings = {
				ALWAYS_SEARCH_USER_PATHS = NO;
				CLANG_CXX_LANGUAGE_STANDARD = "gnu++0x";
				CLANG_CXX_LIBRARY = "libc++";
				CLANG_ENABLE_MODULES = YES;
				CLANG_ENABLE_OBJC_ARC = YES;
				CLANG_WARN_BOOL_CONVERSION = YES;
				CLANG_WARN_CONSTANT_CONVERSION = YES;
				CLANG_WARN_DIRECT_OBJC_ISA_USAGE = YES_ERROR;
				CLANG_WARN_EMPTY_BODY = YES;
				CLANG_WARN_ENUM_CONVERSION = YES;
				CLANG_WARN_INT_CONVERSION = YES;
				CLANG_WARN_OBJC_ROOT_CLASS = YES_ERROR;
				CLANG_WARN_UNREACHABLE_CODE = YES;
				CLANG_WARN__DUPLICATE_METHOD_MATCH = YES;
				"CODE_SIGN_IDENTITY[sdk=iphoneos*]" = "iPhone Developer";
				COPY_PHASE_STRIP = NO;
				ENABLE_STRICT_OBJC_MSGSEND = YES;
				GCC_C_LANGUAGE_STANDARD = gnu99;
				GCC_DYNAMIC_NO_PIC = NO;
				GCC_OPTIMIZATION_LEVEL = 0;
				GCC_PREPROCESSOR_DEFINITIONS = (
					"DEBUG=1",
					"$(inherited)",
				);
				GCC_SYMBOLS_PRIVATE_EXTERN = NO;
				GCC_WARN_64_TO_32_BIT_CONVERSION = YES;
				GCC_WARN_ABOUT_RETURN_TYPE = YES_ERROR;
				GCC_WARN_UNDECLARED_SELECTOR = YES;
				GCC_WARN_UNINITIALIZED_AUTOS = YES_AGGRESSIVE;
				GCC_WARN_UNUSED_FUNCTION = YES;
				GCC_WARN_UNUSED_VARIABLE = YES;
				IPHONEOS_DEPLOYMENT_TARGET = 8.0;
				METAL_ENABLE_DEBUG_INFO = YES;
				ONLY_ACTIVE_ARCH = YES;
				SDKROOT = iphoneos;
			};
			name = Debug;
		};
		3C5A44301943F7B100076F5C /* Release */ = {
			isa = XCBuildConfiguration;
			buildSettings = {
				ALWAYS_SEARCH_USER_PATHS = NO;
				CLANG_CXX_LANGUAGE_STANDARD = "gnu++0x";
				CLANG_CXX_LIBRARY = "libc++";
				CLANG_ENABLE_MODULES = YES;
				CLANG_ENABLE_OBJC_ARC = YES;
				CLANG_WARN_BOOL_CONVERSION = YES;
				CLANG_WARN_CONSTANT_CONVERSION = YES;
				CLANG_WARN_DIRECT_OBJC_ISA_USAGE = YES_ERROR;
				CLANG_WARN_EMPTY_BODY = YES;
				CLANG_WARN_ENUM_CONVERSION = YES;
				CLANG_WARN_INT_CONVERSION = YES;
				CLANG_WARN_OBJC_ROOT_CLASS = YES_ERROR;
				CLANG_WARN_UNREACHABLE_CODE = YES;
				CLANG_WARN__DUPLICATE_METHOD_MATCH = YES;
				"CODE_SIGN_IDENTITY[sdk=iphoneos*]" = "iPhone Developer";
				COPY_PHASE_STRIP = YES;
				ENABLE_NS_ASSERTIONS = NO;
				ENABLE_STRICT_OBJC_MSGSEND = YES;
				GCC_C_LANGUAGE_STANDARD = gnu99;
				GCC_WARN_64_TO_32_BIT_CONVERSION = YES;
				GCC_WARN_ABOUT_RETURN_TYPE = YES_ERROR;
				GCC_WARN_UNDECLARED_SELECTOR = YES;
				GCC_WARN_UNINITIALIZED_AUTOS = YES_AGGRESSIVE;
				GCC_WARN_UNUSED_FUNCTION = YES;
				GCC_WARN_UNUSED_VARIABLE = YES;
				IPHONEOS_DEPLOYMENT_TARGET = 8.0;
				METAL_ENABLE_DEBUG_INFO = NO;
				SDKROOT = iphoneos;
				VALIDATE_PRODUCT = YES;
			};
			name = Release;
		};
		3C5A44321943F7B100076F5C /* Debug */ = {
			isa = XCBuildConfiguration;
			buildSettings = {
				ASSETCATALOG_COMPILER_APPICON_NAME = AppIcon;
				ASSETCATALOG_COMPILER_LAUNCHIMAGE_NAME = LaunchImage;
				INFOPLIST_FILE = ARTwo/Info.plist;
				LD_RUNPATH_SEARCH_PATHS = "$(inherited) @executable_path/Frameworks";
				PRODUCT_NAME = "$(TARGET_NAME)";
			};
			name = Debug;
		};
		3C5A44331943F7B100076F5C /* Release */ = {
			isa = XCBuildConfiguration;
			buildSettings = {
				ASSETCATALOG_COMPILER_APPICON_NAME = AppIcon;
				ASSETCATALOG_COMPILER_LAUNCHIMAGE_NAME = LaunchImage;
				INFOPLIST_FILE = ARTwo/Info.plist;
				LD_RUNPATH_SEARCH_PATHS = "$(inherited) @executable_path/Frameworks";
				PRODUCT_NAME = "$(TARGET_NAME)";
			};
			name = Release;
		};
		3C5A44351943F7B100076F5C /* Debug */ = {
			isa = XCBuildConfiguration;
			buildSettings = {
				BUNDLE_LOADER = "$(BUILT_PRODUCTS_DIR)/ARTwo.app/ARTwo";
				FRAMEWORK_SEARCH_PATHS = (
					"$(SDKROOT)/Developer/Library/Frameworks",
					"$(inherited)",
				);
				GCC_PREPROCESSOR_DEFINITIONS = (
					"DEBUG=1",
					"$(inherited)",
				);
				INFOPLIST_FILE = ARTwoTests/Info.plist;
				LD_RUNPATH_SEARCH_PATHS = "$(inherited) @executable_path/Frameworks @loader_path/Frameworks";
				METAL_ENABLE_DEBUG_INFO = YES;
				PRODUCT_NAME = "$(TARGET_NAME)";
				TEST_HOST = "$(BUNDLE_LOADER)";
			};
			name = Debug;
		};
		3C5A44361943F7B100076F5C /* Release */ = {
			isa = XCBuildConfiguration;
			buildSettings = {
				BUNDLE_LOADER = "$(BUILT_PRODUCTS_DIR)/ARTwo.app/ARTwo";
				FRAMEWORK_SEARCH_PATHS = (
					"$(SDKROOT)/Developer/Library/Frameworks",
					"$(inherited)",
				);
				INFOPLIST_FILE = ARTwoTests/Info.plist;
				LD_RUNPATH_SEARCH_PATHS = "$(inherited) @executable_path/Frameworks @loader_path/Frameworks";
				METAL_ENABLE_DEBUG_INFO = NO;
				PRODUCT_NAME = "$(TARGET_NAME)";
				TEST_HOST = "$(BUNDLE_LOADER)";
			};
			name = Release;
		};
/* End XCBuildConfiguration section */

/* Begin XCConfigurationList section */
		3C5A44121943F7B100076F5C /* Build configuration list for PBXProject "ARTwo" */ = {
			isa = XCConfigurationList;
			buildConfigurations = (
				3C5A442F1943F7B100076F5C /* Debug */,
				3C5A44301943F7B100076F5C /* Release */,
			);
			defaultConfigurationIsVisible = 0;
			defaultConfigurationName = Release;
		};
		3C5A44311943F7B100076F5C /* Build configuration list for PBXNativeTarget "ARTwo" */ = {
			isa = XCConfigurationList;
			buildConfigurations = (
				3C5A44321943F7B100076F5C /* Debug */,
				3C5A44331943F7B100076F5C /* Release */,
			);
			defaultConfigurationIsVisible = 0;
		};
		3C5A44341943F7B100076F5C /* Build configuration list for PBXNativeTarget "ARTwoTests" */ = {
			isa = XCConfigurationList;
			buildConfigurations = (
				3C5A44351943F7B100076F5C /* Debug */,
				3C5A44361943F7B100076F5C /* Release */,
			);
			defaultConfigurationIsVisible = 0;
		};
/* End XCConfigurationList section */
	};
	rootObject = 3C5A440F1943F7B100076F5C /* Project object */;
}
